
Microsoft Visual Studio Solution File, Format Version 12.00
# Visual Studio Version 17
VisualStudioVersion = 17.6.33723.286
MinimumVisualStudioVersion = 10.0.40219.1
Project("{FAE04EC0-301F-11D3-BF4B-00C04F79EFBC}") = "NivelRio", "NivelRio.csproj", "{8C01E6DE-62DF-4E8F-B3A5-671C36A1DBF0}"
EndProject
Global
	GlobalSection(SolutionConfigurationPlatforms) = preSolution
		Debug|Any CPU = Debug|Any CPU
		Release|Any CPU = Release|Any CPU
	EndGlobalSection
	GlobalSection(ProjectConfigurationPlatforms) = postSolution
		{8C01E6DE-62DF-4E8F-B3A5-671C36A1DBF0}.Debug|Any CPU.ActiveCfg = Debug|Any CPU
		{8C01E6DE-62DF-4E8F-B3A5-671C36A1DBF0}.Debug|Any CPU.Build.0 = Debug|Any CPU
		{8C01E6DE-62DF-4E8F-B3A5-671C36A1DBF0}.Release|Any CPU.ActiveCfg = Release|Any CPU
		{8C01E6DE-62DF-4E8F-B3A5-671C36A1DBF0}.Release|Any CPU.Build.0 = Release|Any CPU
	EndGlobalSection
	GlobalSection(SolutionProperties) = preSolution
		HideSolutionNode = FALSE
	EndGlobalSection
	GlobalSection(ExtensibilityGlobals) = postSolution
		SolutionGuid = {AC882C5D-BBD8-4808-A616-4E1C1C559862}
	EndGlobalSection
EndGlobal
